// !$*UTF8*$!
{
	archiveVersion = 1;
	classes = {
	};
	objectVersion = 46;
	objects = {

/* Begin PBXBuildFile section */
		496D644E1C0462560080CFBA /* AppDelegate.swift in Sources */ = {isa = PBXBuildFile; fileRef = 496D644D1C0462560080CFBA /* AppDelegate.swift */; };
		496D64501C0462560080CFBA /* ViewController.swift in Sources */ = {isa = PBXBuildFile; fileRef = 496D644F1C0462560080CFBA /* ViewController.swift */; };
		496D64531C0462560080CFBA /* Main.storyboard in Resources */ = {isa = PBXBuildFile; fileRef = 496D64511C0462560080CFBA /* Main.storyboard */; };
		496D64551C0462560080CFBA /* Assets.xcassets in Resources */ = {isa = PBXBuildFile; fileRef = 496D64541C0462560080CFBA /* Assets.xcassets */; };
		496D64581C0462560080CFBA /* LaunchScreen.storyboard in Resources */ = {isa = PBXBuildFile; fileRef = 496D64561C0462560080CFBA /* LaunchScreen.storyboard */; };
		496D64631C0462560080CFBA /* DelegateSampleAppTests.swift in Sources */ = {isa = PBXBuildFile; fileRef = 496D64621C0462560080CFBA /* DelegateSampleAppTests.swift */; };
		496D646E1C0462560080CFBA /* DelegateSampleAppUITests.swift in Sources */ = {isa = PBXBuildFile; fileRef = 496D646D1C0462560080CFBA /* DelegateSampleAppUITests.swift */; };
		496D647E1C0466310080CFBA /* GrapeCell.swift in Sources */ = {isa = PBXBuildFile; fileRef = 496D647D1C0466310080CFBA /* GrapeCell.swift */; };
/* End PBXBuildFile section */

/* Begin PBXContainerItemProxy section */
		496D645F1C0462560080CFBA /* PBXContainerItemProxy */ = {
			isa = PBXContainerItemProxy;
			containerPortal = 496D64421C0462560080CFBA /* Project object */;
			proxyType = 1;
			remoteGlobalIDString = 496D64491C0462560080CFBA;
			remoteInfo = DelegateSampleApp;
		};
		496D646A1C0462560080CFBA /* PBXContainerItemProxy */ = {
			isa = PBXContainerItemProxy;
			containerPortal = 496D64421C0462560080CFBA /* Project object */;
			proxyType = 1;
			remoteGlobalIDString = 496D64491C0462560080CFBA;
			remoteInfo = DelegateSampleApp;
		};
/* End PBXContainerItemProxy section */

/* Begin PBXFileReference section */
		496D644A1C0462560080CFBA /* DelegateSampleApp.app */ = {isa = PBXFileReference; explicitFileType = wrapper.application; includeInIndex = 0; path = DelegateSampleApp.app; sourceTree = BUILT_PRODUCTS_DIR; };
		496D644D1C0462560080CFBA /* AppDelegate.swift */ = {isa = PBXFileReference; lastKnownFileType = sourcecode.swift; path = AppDelegate.swift; sourceTree = "<group>"; };
		496D644F1C0462560080CFBA /* ViewController.swift */ = {isa = PBXFileReference; lastKnownFileType = sourcecode.swift; path = ViewController.swift; sourceTree = "<group>"; };
		496D64521C0462560080CFBA /* Base */ = {isa = PBXFileReference; lastKnownFileType = file.storyboard; name = Base; path = Base.lproj/Main.storyboard; sourceTree = "<group>"; };
		496D64541C0462560080CFBA /* Assets.xcassets */ = {isa = PBXFileReference; lastKnownFileType = folder.assetcatalog; path = Assets.xcassets; sourceTree = "<group>"; };
		496D64571C0462560080CFBA /* Base */ = {isa = PBXFileReference; lastKnownFileType = file.storyboard; name = Base; path = Base.lproj/LaunchScreen.storyboard; sourceTree = "<group>"; };
		496D64591C0462560080CFBA /* Info.plist */ = {isa = PBXFileReference; lastKnownFileType = text.plist.xml; path = Info.plist; sourceTree = "<group>"; };
		496D645E1C0462560080CFBA /* DelegateSampleAppTests.xctest */ = {isa = PBXFileReference; explicitFileType = wrapper.cfbundle; includeInIndex = 0; path = DelegateSampleAppTests.xctest; sourceTree = BUILT_PRODUCTS_DIR; };
		496D64621C0462560080CFBA /* DelegateSampleAppTests.swift */ = {isa = PBXFileReference; lastKnownFileType = sourcecode.swift; path = DelegateSampleAppTests.swift; sourceTree = "<group>"; };
		496D64641C0462560080CFBA /* Info.plist */ = {isa = PBXFileReference; lastKnownFileType = text.plist.xml; path = Info.plist; sourceTree = "<group>"; };
		496D64691C0462560080CFBA /* DelegateSampleAppUITests.xctest */ = {isa = PBXFileReference; explicitFileType = wrapper.cfbundle; includeInIndex = 0; path = DelegateSampleAppUITests.xctest; sourceTree = BUILT_PRODUCTS_DIR; };
		496D646D1C0462560080CFBA /* DelegateSampleAppUITests.swift */ = {isa = PBXFileReference; lastKnownFileType = sourcecode.swift; path = DelegateSampleAppUITests.swift; sourceTree = "<group>"; };
		496D646F1C0462560080CFBA /* Info.plist */ = {isa = PBXFileReference; lastKnownFileType = text.plist.xml; path = Info.plist; sourceTree = "<group>"; };
		496D647D1C0466310080CFBA /* GrapeCell.swift */ = {isa = PBXFileReference; fileEncoding = 4; lastKnownFileType = sourcecode.swift; path = GrapeCell.swift; sourceTree = "<group>"; };
/* End PBXFileReference section */

/* Begin PBXFrameworksBuildPhase section */
		496D64471C0462560080CFBA /* Frameworks */ = {
			isa = PBXFrameworksBuildPhase;
			buildActionMask = 2147483647;
			files = (
			);
			runOnlyForDeploymentPostprocessing = 0;
		};
		496D645B1C0462560080CFBA /* Frameworks */ = {
			isa = PBXFrameworksBuildPhase;
			buildActionMask = 2147483647;
			files = (
			);
			runOnlyForDeploymentPostprocessing = 0;
		};
		496D64661C0462560080CFBA /* Frameworks */ = {
			isa = PBXFrameworksBuildPhase;
			buildActionMask = 2147483647;
			files = (
			);
			runOnlyForDeploymentPostprocessing = 0;
		};
/* End PBXFrameworksBuildPhase section */

/* Begin PBXGroup section */
		496D64411C0462560080CFBA = {
			isa = PBXGroup;
			children = (
				496D644C1C0462560080CFBA /* DelegateSampleApp */,
				496D64611C0462560080CFBA /* DelegateSampleAppTests */,
				496D646C1C0462560080CFBA /* DelegateSampleAppUITests */,
				496D644B1C0462560080CFBA /* Products */,
			);
			sourceTree = "<group>";
		};
		496D644B1C0462560080CFBA /* Products */ = {
			isa = PBXGroup;
			children = (
				496D644A1C0462560080CFBA /* DelegateSampleApp.app */,
				496D645E1C0462560080CFBA /* DelegateSampleAppTests.xctest */,
				496D64691C0462560080CFBA /* DelegateSampleAppUITests.xctest */,
			);
			name = Products;
			sourceTree = "<group>";
		};
		496D644C1C0462560080CFBA /* DelegateSampleApp */ = {
			isa = PBXGroup;
			children = (
				496D644D1C0462560080CFBA /* AppDelegate.swift */,
				496D644F1C0462560080CFBA /* ViewController.swift */,
				496D64511C0462560080CFBA /* Main.storyboard */,
				496D647D1C0466310080CFBA /* GrapeCell.swift */,
				496D64541C0462560080CFBA /* Assets.xcassets */,
				496D64561C0462560080CFBA /* LaunchScreen.storyboard */,
				496D64591C0462560080CFBA /* Info.plist */,
			);
			path = DelegateSampleApp;
			sourceTree = "<group>";
		};
		496D64611C0462560080CFBA /* DelegateSampleAppTests */ = {
			isa = PBXGroup;
			children = (
				496D64621C0462560080CFBA /* DelegateSampleAppTests.swift */,
				496D64641C0462560080CFBA /* Info.plist */,
			);
			path = DelegateSampleAppTests;
			sourceTree = "<group>";
		};
		496D646C1C0462560080CFBA /* DelegateSampleAppUITests */ = {
			isa = PBXGroup;
			children = (
				496D646D1C0462560080CFBA /* DelegateSampleAppUITests.swift */,
				496D646F1C0462560080CFBA /* Info.plist */,
			);
			path = DelegateSampleAppUITests;
			sourceTree = "<group>";
		};
/* End PBXGroup section */

/* Begin PBXNativeTarget section */
		496D64491C0462560080CFBA /* DelegateSampleApp */ = {
			isa = PBXNativeTarget;
			buildConfigurationList = 496D64721C0462560080CFBA /* Build configuration list for PBXNativeTarget "DelegateSampleApp" */;
			buildPhases = (
				496D64461C0462560080CFBA /* Sources */,
				496D64471C0462560080CFBA /* Frameworks */,
				496D64481C0462560080CFBA /* Resources */,
			);
			buildRules = (
			);
			dependencies = (
			);
			name = DelegateSampleApp;
			productName = DelegateSampleApp;
			productReference = 496D644A1C0462560080CFBA /* DelegateSampleApp.app */;
			productType = "com.apple.product-type.application";
		};
		496D645D1C0462560080CFBA /* DelegateSampleAppTests */ = {
			isa = PBXNativeTarget;
			buildConfigurationList = 496D64751C0462560080CFBA /* Build configuration list for PBXNativeTarget "DelegateSampleAppTests" */;
			buildPhases = (
				496D645A1C0462560080CFBA /* Sources */,
				496D645B1C0462560080CFBA /* Frameworks */,
				496D645C1C0462560080CFBA /* Resources */,
			);
			buildRules = (
			);
			dependencies = (
				496D64601C0462560080CFBA /* PBXTargetDependency */,
			);
			name = DelegateSampleAppTests;
			productName = DelegateSampleAppTests;
			productReference = 496D645E1C0462560080CFBA /* DelegateSampleAppTests.xctest */;
			productType = "com.apple.product-type.bundle.unit-test";
		};
		496D64681C0462560080CFBA /* DelegateSampleAppUITests */ = {
			isa = PBXNativeTarget;
			buildConfigurationList = 496D64781C0462560080CFBA /* Build configuration list for PBXNativeTarget "DelegateSampleAppUITests" */;
			buildPhases = (
				496D64651C0462560080CFBA /* Sources */,
				496D64661C0462560080CFBA /* Frameworks */,
				496D64671C0462560080CFBA /* Resources */,
			);
			buildRules = (
			);
			dependencies = (
				496D646B1C0462560080CFBA /* PBXTargetDependency */,
			);
			name = DelegateSampleAppUITests;
			productName = DelegateSampleAppUITests;
			productReference = 496D64691C0462560080CFBA /* DelegateSampleAppUITests.xctest */;
			productType = "com.apple.product-type.bundle.ui-testing";
		};
/* End PBXNativeTarget section */

/* Begin PBXProject section */
		496D64421C0462560080CFBA /* Project object */ = {
			isa = PBXProject;
			attributes = {
				LastSwiftUpdateCheck = 0710;
				LastUpgradeCheck = 0710;
				ORGANIZATIONNAME = KazuyaMIURA;
				TargetAttributes = {
					496D64491C0462560080CFBA = {
						CreatedOnToolsVersion = 7.1.1;
					};
					496D645D1C0462560080CFBA = {
						CreatedOnToolsVersion = 7.1.1;
						TestTargetID = 496D64491C0462560080CFBA;
					};
					496D64681C0462560080CFBA = {
						CreatedOnToolsVersion = 7.1.1;
						TestTargetID = 496D64491C0462560080CFBA;
					};
				};
			};
			buildConfigurationList = 496D64451C0462560080CFBA /* Build configuration list for PBXProject "DelegateSampleApp" */;
			compatibilityVersion = "Xcode 3.2";
			developmentRegion = English;
			hasScannedForEncodings = 0;
			knownRegions = (
				en,
				Base,
			);
			mainGroup = 496D64411C0462560080CFBA;
			productRefGroup = 496D644B1C0462560080CFBA /* Products */;
			projectDirPath = "";
			projectRoot = "";
			targets = (
				496D64491C0462560080CFBA /* DelegateSampleApp */,
				496D645D1C0462560080CFBA /* DelegateSampleAppTests */,
				496D64681C0462560080CFBA /* DelegateSampleAppUITests */,
			);
		};
/* End PBXProject section */

/* Begin PBXResourcesBuildPhase section */
		496D64481C0462560080CFBA /* Resources */ = {
			isa = PBXResourcesBuildPhase;
			buildActionMask = 2147483647;
			files = (
				496D64581C0462560080CFBA /* LaunchScreen.storyboard in Resources */,
				496D64551C0462560080CFBA /* Assets.xcassets in Resources */,
				496D64531C0462560080CFBA /* Main.storyboard in Resources */,
			);
			runOnlyForDeploymentPostprocessing = 0;
		};
		496D645C1C0462560080CFBA /* Resources */ = {
			isa = PBXResourcesBuildPhase;
			buildActionMask = 2147483647;
			files = (
			);
			runOnlyForDeploymentPostprocessing = 0;
		};
		496D64671C0462560080CFBA /* Resources */ = {
			isa = PBXResourcesBuildPhase;
			buildActionMask = 2147483647;
			files = (
			);
			runOnlyForDeploymentPostprocessing = 0;
		};
/* End PBXResourcesBuildPhase section */

/* Begin PBXSourcesBuildPhase section */
		496D64461C0462560080CFBA /* Sources */ = {
			isa = PBXSourcesBuildPhase;
			buildActionMask = 2147483647;
			files = (
				496D64501C0462560080CFBA /* ViewController.swift in Sources */,
				496D644E1C0462560080CFBA /* AppDelegate.swift in Sources */,
				496D647E1C0466310080CFBA /* GrapeCell.swift in Sources */,
			);
			runOnlyForDeploymentPostprocessing = 0;
		};
		496D645A1C0462560080CFBA /* Sources */ = {
			isa = PBXSourcesBuildPhase;
			buildActionMask = 2147483647;
			files = (
				496D64631C0462560080CFBA /* DelegateSampleAppTests.swift in Sources */,
			);
			runOnlyForDeploymentPostprocessing = 0;
		};
		496D64651C0462560080CFBA /* Sources */ = {
			isa = PBXSourcesBuildPhase;
			buildActionMask = 2147483647;
			files = (
				496D646E1C0462560080CFBA /* DelegateSampleAppUITests.swift in Sources */,
			);
			runOnlyForDeploymentPostprocessing = 0;
		};
/* End PBXSourcesBuildPhase section */

/* Begin PBXTargetDependency section */
		496D64601C0462560080CFBA /* PBXTargetDependency */ = {
			isa = PBXTargetDependency;
			target = 496D64491C0462560080CFBA /* DelegateSampleApp */;
			targetProxy = 496D645F1C0462560080CFBA /* PBXContainerItemProxy */;
		};
		496D646B1C0462560080CFBA /* PBXTargetDependency */ = {
			isa = PBXTargetDependency;
			target = 496D64491C0462560080CFBA /* DelegateSampleApp */;
			targetProxy = 496D646A1C0462560080CFBA /* PBXContainerItemProxy */;
		};
/* End PBXTargetDependency section */

/* Begin PBXVariantGroup section */
		496D64511C0462560080CFBA /* Main.storyboard */ = {
			isa = PBXVariantGroup;
			children = (
				496D64521C0462560080CFBA /* Base */,
			);
			name = Main.storyboard;
			sourceTree = "<group>";
		};
		496D64561C0462560080CFBA /* LaunchScreen.storyboard */ = {
			isa = PBXVariantGroup;
			children = (
				496D64571C0462560080CFBA /* Base */,
			);
			name = LaunchScreen.storyboard;
			sourceTree = "<group>";
		};
/* End PBXVariantGroup section */

/* Begin XCBuildConfiguration section */
		496D64701C0462560080CFBA /* Debug */ = {
			isa = XCBuildConfiguration;
			buildSettings = {
				ALWAYS_SEARCH_USER_PATHS = NO;
				CLANG_CXX_LANGUAGE_STANDARD = "gnu++0x";
				CLANG_CXX_LIBRARY = "libc++";
				CLANG_ENABLE_MODULES = YES;
				CLANG_ENABLE_OBJC_ARC = YES;
				CLANG_WARN_BOOL_CONVERSION = YES;
				CLANG_WARN_CONSTANT_CONVERSION = YES;
				CLANG_WARN_DIRECT_OBJC_ISA_USAGE = YES_ERROR;
				CLANG_WARN_EMPTY_BODY = YES;
				CLANG_WARN_ENUM_CONVERSION = YES;
				CLANG_WARN_INT_CONVERSION = YES;
				CLANG_WARN_OBJC_ROOT_CLASS = YES_ERROR;
				CLANG_WARN_UNREACHABLE_CODE = YES;
				CLANG_WARN__DUPLICATE_METHOD_MATCH = YES;
				"CODE_SIGN_IDENTITY[sdk=iphoneos*]" = "iPhone Developer";
				COPY_PHASE_STRIP = NO;
				DEBUG_INFORMATION_FORMAT = dwarf;
				ENABLE_STRICT_OBJC_MSGSEND = YES;
				ENABLE_TESTABILITY = YES;
				GCC_C_LANGUAGE_STANDARD = gnu99;
				GCC_DYNAMIC_NO_PIC = NO;
				GCC_NO_COMMON_BLOCKS = YES;
				GCC_OPTIMIZATION_LEVEL = 0;
				GCC_PREPROCESSOR_DEFINITIONS = (
					"DEBUG=1",
					"$(inherited)",
				);
				GCC_WARN_64_TO_32_BIT_CONVERSION = YES;
				GCC_WARN_ABOUT_RETURN_TYPE = YES_ERROR;
				GCC_WARN_UNDECLARED_SELECTOR = YES;
				GCC_WARN_UNINITIALIZED_AUTOS = YES_AGGRESSIVE;
				GCC_WARN_UNUSED_FUNCTION = YES;
				GCC_WARN_UNUSED_VARIABLE = YES;
				IPHONEOS_DEPLOYMENT_TARGET = 9.1;
				MTL_ENABLE_DEBUG_INFO = YES;
				ONLY_ACTIVE_ARCH = YES;
				SDKROOT = iphoneos;
				SWIFT_OPTIMIZATION_LEVEL = "-Onone";
			};
			name = Debug;
		};
		496D64711C0462560080CFBA /* Release */ = {
			isa = XCBuildConfiguration;
			buildSettings = {
				ALWAYS_SEARCH_USER_PATHS = NO;
				CLANG_CXX_LANGUAGE_STANDARD = "gnu++0x";
				CLANG_CXX_LIBRARY = "libc++";
				CLANG_ENABLE_MODULES = YES;
				CLANG_ENABLE_OBJC_ARC = YES;
				CLANG_WARN_BOOL_CONVERSION = YES;
				CLANG_WARN_CONSTANT_CONVERSION = YES;
				CLANG_WARN_DIRECT_OBJC_ISA_USAGE = YES_ERROR;
				CLANG_WARN_EMPTY_BODY = YES;
				CLANG_WARN_ENUM_CONVERSION = YES;
				CLANG_WARN_INT_CONVERSION = YES;
				CLANG_WARN_OBJC_ROOT_CLASS = YES_ERROR;
				CLANG_WARN_UNREACHABLE_CODE = YES;
				CLANG_WARN__DUPLICATE_METHOD_MATCH = YES;
				"CODE_SIGN_IDENTITY[sdk=iphoneos*]" = "iPhone Developer";
				COPY_PHASE_STRIP = NO;
				DEBUG_INFORMATION_FORMAT = "dwarf-with-dsym";
				ENABLE_NS_ASSERTIONS = NO;
				ENABLE_STRICT_OBJC_MSGSEND = YES;
				GCC_C_LANGUAGE_STANDARD = gnu99;
				GCC_NO_COMMON_BLOCKS = YES;
				GCC_WARN_64_TO_32_BIT_CONVERSION = YES;
				GCC_WARN_ABOUT_RETURN_TYPE = YES_ERROR;
				GCC_WARN_UNDECLARED_SELECTOR = YES;
				GCC_WARN_UNINITIALIZED_AUTOS = YES_AGGRESSIVE;
				GCC_WARN_UNUSED_FUNCTION = YES;
				GCC_WARN_UNUSED_VARIABLE = YES;
				IPHONEOS_DEPLOYMENT_TARGET = 9.1;
				MTL_ENABLE_DEBUG_INFO = NO;
				SDKROOT = iphoneos;
				VALIDATE_PRODUCT = YES;
			};
			name = Release;
		};
		496D64731C0462560080CFBA /* Debug */ = {
			isa = XCBuildConfiguration;
			buildSettings = {
				ASSETCATALOG_COMPILER_APPICON_NAME = AppIcon;
				INFOPLIST_FILE = DelegateSampleApp/Info.plist;
				LD_RUNPATH_SEARCH_PATHS = "$(inherited) @executable_path/Frameworks";
				PRODUCT_BUNDLE_IDENTIFIER = "jp.ac.tsukuba.cs.coins-p.DelegateSampleApp";
				PRODUCT_NAME = "$(TARGET_NAME)";
			};
			name = Debug;
		};
		496D64741C0462560080CFBA /* Release */ = {
			isa = XCBuildConfiguration;
			buildSettings = {
				ASSETCATALOG_COMPILER_APPICON_NAME = AppIcon;
				INFOPLIST_FILE = DelegateSampleApp/Info.plist;
				LD_RUNPATH_SEARCH_PATHS = "$(inherited) @executable_path/Frameworks";
				PRODUCT_BUNDLE_IDENTIFIER = "jp.ac.tsukuba.cs.coins-p.DelegateSampleApp";
				PRODUCT_NAME = "$(TARGET_NAME)";
			};
			name = Release;
		};
		496D64761C0462560080CFBA /* Debug */ = {
			isa = XCBuildConfiguration;
			buildSettings = {
				BUNDLE_LOADER = "$(TEST_HOST)";
				INFOPLIST_FILE = DelegateSampleAppTests/Info.plist;
				LD_RUNPATH_SEARCH_PATHS = "$(inherited) @executable_path/Frameworks @loader_path/Frameworks";
				PRODUCT_BUNDLE_IDENTIFIER = "jp.ac.tsukuba.cs.coins-p.DelegateSampleAppTests";
				PRODUCT_NAME = "$(TARGET_NAME)";
				TEST_HOST = "$(BUILT_PRODUCTS_DIR)/DelegateSampleApp.app/DelegateSampleApp";
			};
			name = Debug;
		};
		496D64771C0462560080CFBA /* Release */ = {
			isa = XCBuildConfiguration;
			buildSettings = {
				BUNDLE_LOADER = "$(TEST_HOST)";
				INFOPLIST_FILE = DelegateSampleAppTests/Info.plist;
				LD_RUNPATH_SEARCH_PATHS = "$(inherited) @executable_path/Frameworks @loader_path/Frameworks";
				PRODUCT_BUNDLE_IDENTIFIER = "jp.ac.tsukuba.cs.coins-p.DelegateSampleAppTests";
				PRODUCT_NAME = "$(TARGET_NAME)";
				TEST_HOST = "$(BUILT_PRODUCTS_DIR)/DelegateSampleApp.app/DelegateSampleApp";
			};
			name = Release;
		};
		496D64791C0462560080CFBA /* Debug */ = {
			isa = XCBuildConfiguration;
			buildSettings = {
				INFOPLIST_FILE = DelegateSampleAppUITests/Info.plist;
				LD_RUNPATH_SEARCH_PATHS = "$(inherited) @executable_path/Frameworks @loader_path/Frameworks";
				PRODUCT_BUNDLE_IDENTIFIER = "jp.ac.tsukuba.cs.coins-p.DelegateSampleAppUITests";
				PRODUCT_NAME = "$(TARGET_NAME)";
				TEST_TARGET_NAME = DelegateSampleApp;
				USES_XCTRUNNER = YES;
			};
			name = Debug;
		};
		496D647A1C0462560080CFBA /* Release */ = {
			isa = XCBuildConfiguration;
			buildSettings = {
				INFOPLIST_FILE = DelegateSampleAppUITests/Info.plist;
				LD_RUNPATH_SEARCH_PATHS = "$(inherited) @executable_path/Frameworks @loader_path/Frameworks";
				PRODUCT_BUNDLE_IDENTIFIER = "jp.ac.tsukuba.cs.coins-p.DelegateSampleAppUITests";
				PRODUCT_NAME = "$(TARGET_NAME)";
				TEST_TARGET_NAME = DelegateSampleApp;
				USES_XCTRUNNER = YES;
			};
			name = Release;
		};
/* End XCBuildConfiguration section */

/* Begin XCConfigurationList section */
		496D64451C0462560080CFBA /* Build configuration list for PBXProject "DelegateSampleApp" */ = {
			isa = XCConfigurationList;
			buildConfigurations = (
				496D64701C0462560080CFBA /* Debug */,
				496D64711C0462560080CFBA /* Release */,
			);
			defaultConfigurationIsVisible = 0;
			defaultConfigurationName = Release;
		};
		496D64721C0462560080CFBA /* Build configuration list for PBXNativeTarget "DelegateSampleApp" */ = {
			isa = XCConfigurationList;
			buildConfigurations = (
				496D64731C0462560080CFBA /* Debug */,
				496D64741C0462560080CFBA /* Release */,
			);
			defaultConfigurationIsVisible = 0;
		};
		496D64751C0462560080CFBA /* Build configuration list for PBXNativeTarget "DelegateSampleAppTests" */ = {
			isa = XCConfigurationList;
			buildConfigurations = (
				496D64761C0462560080CFBA /* Debug */,
				496D64771C0462560080CFBA /* Release */,
			);
			defaultConfigurationIsVisible = 0;
		};
		496D64781C0462560080CFBA /* Build configuration list for PBXNativeTarget "DelegateSampleAppUITests" */ = {
			isa = XCConfigurationList;
			buildConfigurations = (
				496D64791C0462560080CFBA /* Debug */,
				496D647A1C0462560080CFBA /* Release */,
			);
			defaultConfigurationIsVisible = 0;
		};
/* End XCConfigurationList section */
	};
	rootObject = 496D64421C0462560080CFBA /* Project object */;
}
